
Microsoft Visual Studio Solution File, Format Version 12.00
# Visual Studio Version 16
VisualStudioVersion = 16.0.29215.179
MinimumVisualStudioVersion = 10.0.40219.1
Project("{FAE04EC0-301F-11D3-BF4B-00C04F79EFBC}") = "mastermind-gui", "mastermind-gui.csproj", "{AA347FCD-CF7C-4075-9821-274E9F668D68}"
EndProject
Global
	GlobalSection(SolutionConfigurationPlatforms) = preSolution
		Debug|Any CPU = Debug|Any CPU
		Release|Any CPU = Release|Any CPU
	EndGlobalSection
	GlobalSection(ProjectConfigurationPlatforms) = postSolution
		{AA347FCD-CF7C-4075-9821-274E9F668D68}.Debug|Any CPU.ActiveCfg = Debug|Any CPU
		{AA347FCD-CF7C-4075-9821-274E9F668D68}.Debug|Any CPU.Build.0 = Debug|Any CPU
		{AA347FCD-CF7C-4075-9821-274E9F668D68}.Release|Any CPU.ActiveCfg = Release|Any CPU
		{AA347FCD-CF7C-4075-9821-274E9F668D68}.Release|Any CPU.Build.0 = Release|Any CPU
	EndGlobalSection
	GlobalSection(SolutionProperties) = preSolution
		HideSolutionNode = FALSE
	EndGlobalSection
	GlobalSection(ExtensibilityGlobals) = postSolution
		SolutionGuid = {590CBC1A-24CB-4B1C-9AB9-8F8E83EA1CB8}
	EndGlobalSection
EndGlobal
